
Microsoft Visual Studio Solution File, Format Version 12.00
# Visual Studio Version 16
VisualStudioVersion = 16.0.29326.143
MinimumVisualStudioVersion = 10.0.40219.1
Project("{9A19103F-16F7-4668-BE54-9A1E7A4F7556}") = "TextViewer", "TextViewer\TextViewer.csproj", "{901F8913-0326-46B8-89BF-57CBBEE219FF}"
EndProject
Project("{9A19103F-16F7-4668-BE54-9A1E7A4F7556}") = "TextViewerSample", "TextViewer.Sample\TextViewerSample.csproj", "{642E4EC1-584C-4121-A4D3-D0FE2075774F}"
EndProject
Project("{9A19103F-16F7-4668-BE54-9A1E7A4F7556}") = "TextViewer.Test", "TextViewer.Test\TextViewer.Test.csproj", "{13E36136-C4DF-4C35-B3CB-07B9867E97FE}"
EndProject
Global
	GlobalSection(SolutionConfigurationPlatforms) = preSolution
		Debug|Any CPU = Debug|Any CPU
		Release|Any CPU = Release|Any CPU
	EndGlobalSection
	GlobalSection(ProjectConfigurationPlatforms) = postSolution
		{901F8913-0326-46B8-89BF-57CBBEE219FF}.Debug|Any CPU.ActiveCfg = Debug|Any CPU
		{901F8913-0326-46B8-89BF-57CBBEE219FF}.Debug|Any CPU.Build.0 = Debug|Any CPU
		{901F8913-0326-46B8-89BF-57CBBEE219FF}.Release|Any CPU.ActiveCfg = Release|Any CPU
		{901F8913-0326-46B8-89BF-57CBBEE219FF}.Release|Any CPU.Build.0 = Release|Any CPU
		{642E4EC1-584C-4121-A4D3-D0FE2075774F}.Debug|Any CPU.ActiveCfg = Debug|Any CPU
		{642E4EC1-584C-4121-A4D3-D0FE2075774F}.Debug|Any CPU.Build.0 = Debug|Any CPU
		{642E4EC1-584C-4121-A4D3-D0FE2075774F}.Release|Any CPU.ActiveCfg = Release|Any CPU
		{642E4EC1-584C-4121-A4D3-D0FE2075774F}.Release|Any CPU.Build.0 = Release|Any CPU
		{13E36136-C4DF-4C35-B3CB-07B9867E97FE}.Debug|Any CPU.ActiveCfg = Debug|Any CPU
		{13E36136-C4DF-4C35-B3CB-07B9867E97FE}.Debug|Any CPU.Build.0 = Debug|Any CPU
		{13E36136-C4DF-4C35-B3CB-07B9867E97FE}.Release|Any CPU.ActiveCfg = Release|Any CPU
		{13E36136-C4DF-4C35-B3CB-07B9867E97FE}.Release|Any CPU.Build.0 = Release|Any CPU
	EndGlobalSection
	GlobalSection(SolutionProperties) = preSolution
		HideSolutionNode = FALSE
	EndGlobalSection
	GlobalSection(ExtensibilityGlobals) = postSolution
		SolutionGuid = {D3CC5901-A5EA-4B24-BD4B-9C9A49C35ABE}
	EndGlobalSection
EndGlobal
