
Microsoft Visual Studio Solution File, Format Version 12.00
# Visual Studio Version 16
VisualStudioVersion = 16.0.29326.143
MinimumVisualStudioVersion = 10.0.40219.1
Project("{9A19103F-16F7-4668-BE54-9A1E7A4F7556}") = "TextViewer", "TextViewer.csproj", "{0D552BB7-C1AE-4022-BBA2-9AA55B952696}"
EndProject
Global
	GlobalSection(SolutionConfigurationPlatforms) = preSolution
		Debug|Any CPU = Debug|Any CPU
		Release|Any CPU = Release|Any CPU
	EndGlobalSection
	GlobalSection(ProjectConfigurationPlatforms) = postSolution
		{0D552BB7-C1AE-4022-BBA2-9AA55B952696}.Debug|Any CPU.ActiveCfg = Debug|Any CPU
		{0D552BB7-C1AE-4022-BBA2-9AA55B952696}.Debug|Any CPU.Build.0 = Debug|Any CPU
		{0D552BB7-C1AE-4022-BBA2-9AA55B952696}.Release|Any CPU.ActiveCfg = Release|Any CPU
		{0D552BB7-C1AE-4022-BBA2-9AA55B952696}.Release|Any CPU.Build.0 = Release|Any CPU
	EndGlobalSection
	GlobalSection(SolutionProperties) = preSolution
		HideSolutionNode = FALSE
	EndGlobalSection
	GlobalSection(ExtensibilityGlobals) = postSolution
		SolutionGuid = {469339A6-C5DC-40F2-9AA6-CE219FD81D40}
	EndGlobalSection
EndGlobal
